
Microsoft Visual Studio Solution File, Format Version 12.00
# Visual Studio 2013
VisualStudioVersion = 12.0.30723.0
MinimumVisualStudioVersion = 10.0.40219.1
Project("{FAE04EC0-301F-11D3-BF4B-00C04F79EFBC}") = "Vindinium", "Vindinium\Vindinium.csproj", "{20BC83ED-8BCE-4DFE-BFDD-5340B252B7DB}"
EndProject
Project("{FAE04EC0-301F-11D3-BF4B-00C04F79EFBC}") = "Vindinium.UnitTests", "Vindinium.UnitTests\Vindinium.UnitTests.csproj", "{D93DB49D-E9A7-4E26-A43D-3FAB844F6207}"
EndProject
Project("{FAE04EC0-301F-11D3-BF4B-00C04F79EFBC}") = "Vindinium.MonteCarlo", "Vindinium.MonteCarlo\Vindinium.MonteCarlo.csproj", "{9635D3AB-3E8C-43D4-B40E-4FBCC027ADF7}"
EndProject
Project("{2150E333-8FDC-42A3-9474-1A3956D46DE8}") = "Solution Items", "Solution Items", "{845B3113-39EE-47C6-97DA-0240F1E04B0D}"
	ProjectSection(SolutionItems) = preProject
		..\.gitattributes = ..\.gitattributes
		..\.gitignore = ..\.gitignore
		..\doc\key.txt = ..\doc\key.txt
	EndProjectSection
EndProject
Project("{FAE04EC0-301F-11D3-BF4B-00C04F79EFBC}") = "Vindinium.Random", "Vindinium.Random\Vindinium.Random.csproj", "{FD01556E-38A1-4B45-BF86-3E16610117AF}"
EndProject
Project("{FAE04EC0-301F-11D3-BF4B-00C04F79EFBC}") = "Vindinium.DrunkenViking", "Vindinium.DrunkenViking\Vindinium.DrunkenViking.csproj", "{F021D10E-0740-4BFD-A2FB-732296939CAC}"
EndProject
Project("{FAE04EC0-301F-11D3-BF4B-00C04F79EFBC}") = "Vindinium.Ygritte", "Vindinium.Ygritte\Vindinium.Ygritte.csproj", "{87995977-9953-4A47-95D7-5EE43DB1DA49}"
EndProject
Project("{FAE04EC0-301F-11D3-BF4B-00C04F79EFBC}") = "Vindinium.Njord", "Vindinium.Njord\Vindinium.Njord.csproj", "{B8DADF16-B719-4B56-A788-1B6C9FF3F92C}"
EndProject
Project("{FAE04EC0-301F-11D3-BF4B-00C04F79EFBC}") = "Vindinium.Viewer", "Vindinium.Viewer\Vindinium.Viewer.csproj", "{2E940BAF-EB9D-4962-9458-2AAAA4EB7072}"
EndProject
Global
	GlobalSection(SolutionConfigurationPlatforms) = preSolution
		Debug|Any CPU = Debug|Any CPU
		Release|Any CPU = Release|Any CPU
	EndGlobalSection
	GlobalSection(ProjectConfigurationPlatforms) = postSolution
		{20BC83ED-8BCE-4DFE-BFDD-5340B252B7DB}.Debug|Any CPU.ActiveCfg = Debug|Any CPU
		{20BC83ED-8BCE-4DFE-BFDD-5340B252B7DB}.Debug|Any CPU.Build.0 = Debug|Any CPU
		{20BC83ED-8BCE-4DFE-BFDD-5340B252B7DB}.Release|Any CPU.ActiveCfg = Release|Any CPU
		{20BC83ED-8BCE-4DFE-BFDD-5340B252B7DB}.Release|Any CPU.Build.0 = Release|Any CPU
		{D93DB49D-E9A7-4E26-A43D-3FAB844F6207}.Debug|Any CPU.ActiveCfg = Debug|Any CPU
		{D93DB49D-E9A7-4E26-A43D-3FAB844F6207}.Debug|Any CPU.Build.0 = Debug|Any CPU
		{D93DB49D-E9A7-4E26-A43D-3FAB844F6207}.Release|Any CPU.ActiveCfg = Release|Any CPU
		{D93DB49D-E9A7-4E26-A43D-3FAB844F6207}.Release|Any CPU.Build.0 = Release|Any CPU
		{9635D3AB-3E8C-43D4-B40E-4FBCC027ADF7}.Debug|Any CPU.ActiveCfg = Debug|Any CPU
		{9635D3AB-3E8C-43D4-B40E-4FBCC027ADF7}.Debug|Any CPU.Build.0 = Debug|Any CPU
		{9635D3AB-3E8C-43D4-B40E-4FBCC027ADF7}.Release|Any CPU.ActiveCfg = Release|Any CPU
		{9635D3AB-3E8C-43D4-B40E-4FBCC027ADF7}.Release|Any CPU.Build.0 = Release|Any CPU
		{FD01556E-38A1-4B45-BF86-3E16610117AF}.Debug|Any CPU.ActiveCfg = Debug|Any CPU
		{FD01556E-38A1-4B45-BF86-3E16610117AF}.Debug|Any CPU.Build.0 = Debug|Any CPU
		{FD01556E-38A1-4B45-BF86-3E16610117AF}.Release|Any CPU.ActiveCfg = Release|Any CPU
		{FD01556E-38A1-4B45-BF86-3E16610117AF}.Release|Any CPU.Build.0 = Release|Any CPU
		{F021D10E-0740-4BFD-A2FB-732296939CAC}.Debug|Any CPU.ActiveCfg = Debug|Any CPU
		{F021D10E-0740-4BFD-A2FB-732296939CAC}.Debug|Any CPU.Build.0 = Debug|Any CPU
		{F021D10E-0740-4BFD-A2FB-732296939CAC}.Release|Any CPU.ActiveCfg = Release|Any CPU
		{F021D10E-0740-4BFD-A2FB-732296939CAC}.Release|Any CPU.Build.0 = Release|Any CPU
		{87995977-9953-4A47-95D7-5EE43DB1DA49}.Debug|Any CPU.ActiveCfg = Debug|Any CPU
		{87995977-9953-4A47-95D7-5EE43DB1DA49}.Debug|Any CPU.Build.0 = Debug|Any CPU
		{87995977-9953-4A47-95D7-5EE43DB1DA49}.Release|Any CPU.ActiveCfg = Release|Any CPU
		{87995977-9953-4A47-95D7-5EE43DB1DA49}.Release|Any CPU.Build.0 = Release|Any CPU
		{B8DADF16-B719-4B56-A788-1B6C9FF3F92C}.Debug|Any CPU.ActiveCfg = Debug|Any CPU
		{B8DADF16-B719-4B56-A788-1B6C9FF3F92C}.Debug|Any CPU.Build.0 = Debug|Any CPU
		{B8DADF16-B719-4B56-A788-1B6C9FF3F92C}.Release|Any CPU.ActiveCfg = Release|Any CPU
		{B8DADF16-B719-4B56-A788-1B6C9FF3F92C}.Release|Any CPU.Build.0 = Release|Any CPU
		{2E940BAF-EB9D-4962-9458-2AAAA4EB7072}.Debug|Any CPU.ActiveCfg = Debug|Any CPU
		{2E940BAF-EB9D-4962-9458-2AAAA4EB7072}.Debug|Any CPU.Build.0 = Debug|Any CPU
		{2E940BAF-EB9D-4962-9458-2AAAA4EB7072}.Release|Any CPU.ActiveCfg = Release|Any CPU
		{2E940BAF-EB9D-4962-9458-2AAAA4EB7072}.Release|Any CPU.Build.0 = Release|Any CPU
	EndGlobalSection
	GlobalSection(SolutionProperties) = preSolution
		HideSolutionNode = FALSE
	EndGlobalSection
EndGlobal
